
Microsoft Visual Studio Solution File, Format Version 12.00
# Visual Studio Version 16
VisualStudioVersion = 16.0.29318.209
MinimumVisualStudioVersion = 10.0.40219.1
Project("{2150E333-8FDC-42A3-9474-1A3956D46DE8}") = "src", "src", "{75A6797E-4E78-43DD-9C47-DBDAA4A2C30C}"
EndProject
Project("{9A19103F-16F7-4668-BE54-9A1E7A4F7556}") = "DemoConsole", "src\DemoConsole\DemoConsole.csproj", "{86DC51F0-240C-4060-97A6-92B19AB7B754}"
EndProject
Project("{2150E333-8FDC-42A3-9474-1A3956D46DE8}") = "tests", "tests", "{6CC50C27-9FD3-4A66-ABA9-4C7AFC3F36CD}"
EndProject
Project("{9A19103F-16F7-4668-BE54-9A1E7A4F7556}") = "Demo.Pubs.Core", "src\Demo.Core\Demo.Pubs.Core.csproj", "{4FA60D17-03AF-494B-84F5-A15ECC297E58}"
EndProject
Project("{9A19103F-16F7-4668-BE54-9A1E7A4F7556}") = "Demo.Pubs.Infrastructure", "src\Demo.Pubs.Infrastructure\Demo.Pubs.Infrastructure.csproj", "{69F6419B-3F2B-4A6E-8FA8-A316FFA8D666}"
EndProject
Project("{9A19103F-16F7-4668-BE54-9A1E7A4F7556}") = "Demo.Pubs.API", "src\Demo.Pubs.API\Demo.Pubs.API.csproj", "{D2C4491F-4665-4ABE-A8C3-BCD3DF6209D5}"
EndProject
Project("{2150E333-8FDC-42A3-9474-1A3956D46DE8}") = "GangOfFour", "GangOfFour", "{89A8748E-9233-4D88-9385-8AE41FF54DE1}"
EndProject
Project("{FAE04EC0-301F-11D3-BF4B-00C04F79EFBC}") = "GangOfFour.Singleton", "src\GangOfFour\GangOfFour.Singleton\GangOfFour.Singleton.csproj", "{220566FB-E784-4E18-8A59-6B2FB76C41B3}"
EndProject
Project("{FAE04EC0-301F-11D3-BF4B-00C04F79EFBC}") = "GangOfFour.Prototype", "src\GangOfFour\GangOfFour.Prototype\GangOfFour.Prototype.csproj", "{F82EC1D9-80EE-4B20-AD76-CB8C94A58DD9}"
EndProject
Project("{FAE04EC0-301F-11D3-BF4B-00C04F79EFBC}") = "GangOfFour.Core", "src\GangOfFour\GangOfFour.Core\GangOfFour.Core.csproj", "{18A57F0C-AC03-4CD6-AB81-2EA1E29316A1}"
EndProject
Project("{FAE04EC0-301F-11D3-BF4B-00C04F79EFBC}") = "GangOfFour.Builder", "src\GangOfFour\GangOfFour.Builder\GangOfFour.Builder.csproj", "{15149E33-06D5-4EBC-A99C-F3EF5D8A4C84}"
EndProject
Project("{FAE04EC0-301F-11D3-BF4B-00C04F79EFBC}") = "GangOfFour.Application", "src\GangOfFour\GangOfFour.Application\GangOfFour.Application.csproj", "{74C0C9D7-2F94-43BB-88FE-3CE843900AE9}"
EndProject
Project("{FAE04EC0-301F-11D3-BF4B-00C04F79EFBC}") = "GangOfFour.Factory", "src\GangOfFour\GangOfFour.Factory\GangOfFour.Factory.csproj", "{F6B4E369-5314-4E77-A7C4-C135F2B51618}"
EndProject
Project("{FAE04EC0-301F-11D3-BF4B-00C04F79EFBC}") = "GangOfFour.Bridge", "src\GangOfFour\GangOfFour.Bridge\GangOfFour.Bridge.csproj", "{5338E8C9-2A41-44AE-935E-85A73939C56F}"
EndProject
Project("{FAE04EC0-301F-11D3-BF4B-00C04F79EFBC}") = "GangOfFour.Adapter", "src\GangOfFour\GangOfFour.Adapter\GangOfFour.Adapter.csproj", "{16725EDC-A326-4869-8CEF-90E912AB56E1}"
EndProject
Global
	GlobalSection(SolutionConfigurationPlatforms) = preSolution
		Debug|Any CPU = Debug|Any CPU
		Release|Any CPU = Release|Any CPU
	EndGlobalSection
	GlobalSection(ProjectConfigurationPlatforms) = postSolution
		{86DC51F0-240C-4060-97A6-92B19AB7B754}.Debug|Any CPU.ActiveCfg = Debug|Any CPU
		{86DC51F0-240C-4060-97A6-92B19AB7B754}.Debug|Any CPU.Build.0 = Debug|Any CPU
		{86DC51F0-240C-4060-97A6-92B19AB7B754}.Release|Any CPU.ActiveCfg = Release|Any CPU
		{86DC51F0-240C-4060-97A6-92B19AB7B754}.Release|Any CPU.Build.0 = Release|Any CPU
		{4FA60D17-03AF-494B-84F5-A15ECC297E58}.Debug|Any CPU.ActiveCfg = Debug|Any CPU
		{4FA60D17-03AF-494B-84F5-A15ECC297E58}.Debug|Any CPU.Build.0 = Debug|Any CPU
		{4FA60D17-03AF-494B-84F5-A15ECC297E58}.Release|Any CPU.ActiveCfg = Release|Any CPU
		{4FA60D17-03AF-494B-84F5-A15ECC297E58}.Release|Any CPU.Build.0 = Release|Any CPU
		{69F6419B-3F2B-4A6E-8FA8-A316FFA8D666}.Debug|Any CPU.ActiveCfg = Debug|Any CPU
		{69F6419B-3F2B-4A6E-8FA8-A316FFA8D666}.Debug|Any CPU.Build.0 = Debug|Any CPU
		{69F6419B-3F2B-4A6E-8FA8-A316FFA8D666}.Release|Any CPU.ActiveCfg = Release|Any CPU
		{69F6419B-3F2B-4A6E-8FA8-A316FFA8D666}.Release|Any CPU.Build.0 = Release|Any CPU
		{D2C4491F-4665-4ABE-A8C3-BCD3DF6209D5}.Debug|Any CPU.ActiveCfg = Debug|Any CPU
		{D2C4491F-4665-4ABE-A8C3-BCD3DF6209D5}.Debug|Any CPU.Build.0 = Debug|Any CPU
		{D2C4491F-4665-4ABE-A8C3-BCD3DF6209D5}.Release|Any CPU.ActiveCfg = Release|Any CPU
		{D2C4491F-4665-4ABE-A8C3-BCD3DF6209D5}.Release|Any CPU.Build.0 = Release|Any CPU
		{220566FB-E784-4E18-8A59-6B2FB76C41B3}.Debug|Any CPU.ActiveCfg = Debug|Any CPU
		{220566FB-E784-4E18-8A59-6B2FB76C41B3}.Debug|Any CPU.Build.0 = Debug|Any CPU
		{220566FB-E784-4E18-8A59-6B2FB76C41B3}.Release|Any CPU.ActiveCfg = Release|Any CPU
		{220566FB-E784-4E18-8A59-6B2FB76C41B3}.Release|Any CPU.Build.0 = Release|Any CPU
		{F82EC1D9-80EE-4B20-AD76-CB8C94A58DD9}.Debug|Any CPU.ActiveCfg = Debug|Any CPU
		{F82EC1D9-80EE-4B20-AD76-CB8C94A58DD9}.Debug|Any CPU.Build.0 = Debug|Any CPU
		{F82EC1D9-80EE-4B20-AD76-CB8C94A58DD9}.Release|Any CPU.ActiveCfg = Release|Any CPU
		{F82EC1D9-80EE-4B20-AD76-CB8C94A58DD9}.Release|Any CPU.Build.0 = Release|Any CPU
		{18A57F0C-AC03-4CD6-AB81-2EA1E29316A1}.Debug|Any CPU.ActiveCfg = Debug|Any CPU
		{18A57F0C-AC03-4CD6-AB81-2EA1E29316A1}.Debug|Any CPU.Build.0 = Debug|Any CPU
		{18A57F0C-AC03-4CD6-AB81-2EA1E29316A1}.Release|Any CPU.ActiveCfg = Release|Any CPU
		{18A57F0C-AC03-4CD6-AB81-2EA1E29316A1}.Release|Any CPU.Build.0 = Release|Any CPU
		{15149E33-06D5-4EBC-A99C-F3EF5D8A4C84}.Debug|Any CPU.ActiveCfg = Debug|Any CPU
		{15149E33-06D5-4EBC-A99C-F3EF5D8A4C84}.Debug|Any CPU.Build.0 = Debug|Any CPU
		{15149E33-06D5-4EBC-A99C-F3EF5D8A4C84}.Release|Any CPU.ActiveCfg = Release|Any CPU
		{15149E33-06D5-4EBC-A99C-F3EF5D8A4C84}.Release|Any CPU.Build.0 = Release|Any CPU
		{74C0C9D7-2F94-43BB-88FE-3CE843900AE9}.Debug|Any CPU.ActiveCfg = Debug|Any CPU
		{74C0C9D7-2F94-43BB-88FE-3CE843900AE9}.Debug|Any CPU.Build.0 = Debug|Any CPU
		{74C0C9D7-2F94-43BB-88FE-3CE843900AE9}.Release|Any CPU.ActiveCfg = Release|Any CPU
		{74C0C9D7-2F94-43BB-88FE-3CE843900AE9}.Release|Any CPU.Build.0 = Release|Any CPU
		{F6B4E369-5314-4E77-A7C4-C135F2B51618}.Debug|Any CPU.ActiveCfg = Debug|Any CPU
		{F6B4E369-5314-4E77-A7C4-C135F2B51618}.Debug|Any CPU.Build.0 = Debug|Any CPU
		{F6B4E369-5314-4E77-A7C4-C135F2B51618}.Release|Any CPU.ActiveCfg = Release|Any CPU
		{F6B4E369-5314-4E77-A7C4-C135F2B51618}.Release|Any CPU.Build.0 = Release|Any CPU
		{5338E8C9-2A41-44AE-935E-85A73939C56F}.Debug|Any CPU.ActiveCfg = Debug|Any CPU
		{5338E8C9-2A41-44AE-935E-85A73939C56F}.Debug|Any CPU.Build.0 = Debug|Any CPU
		{5338E8C9-2A41-44AE-935E-85A73939C56F}.Release|Any CPU.ActiveCfg = Release|Any CPU
		{5338E8C9-2A41-44AE-935E-85A73939C56F}.Release|Any CPU.Build.0 = Release|Any CPU
		{16725EDC-A326-4869-8CEF-90E912AB56E1}.Debug|Any CPU.ActiveCfg = Debug|Any CPU
		{16725EDC-A326-4869-8CEF-90E912AB56E1}.Debug|Any CPU.Build.0 = Debug|Any CPU
		{16725EDC-A326-4869-8CEF-90E912AB56E1}.Release|Any CPU.ActiveCfg = Release|Any CPU
		{16725EDC-A326-4869-8CEF-90E912AB56E1}.Release|Any CPU.Build.0 = Release|Any CPU
	EndGlobalSection
	GlobalSection(SolutionProperties) = preSolution
		HideSolutionNode = FALSE
	EndGlobalSection
	GlobalSection(NestedProjects) = preSolution
		{86DC51F0-240C-4060-97A6-92B19AB7B754} = {75A6797E-4E78-43DD-9C47-DBDAA4A2C30C}
		{4FA60D17-03AF-494B-84F5-A15ECC297E58} = {75A6797E-4E78-43DD-9C47-DBDAA4A2C30C}
		{69F6419B-3F2B-4A6E-8FA8-A316FFA8D666} = {75A6797E-4E78-43DD-9C47-DBDAA4A2C30C}
		{D2C4491F-4665-4ABE-A8C3-BCD3DF6209D5} = {75A6797E-4E78-43DD-9C47-DBDAA4A2C30C}
		{89A8748E-9233-4D88-9385-8AE41FF54DE1} = {75A6797E-4E78-43DD-9C47-DBDAA4A2C30C}
		{220566FB-E784-4E18-8A59-6B2FB76C41B3} = {89A8748E-9233-4D88-9385-8AE41FF54DE1}
		{F82EC1D9-80EE-4B20-AD76-CB8C94A58DD9} = {89A8748E-9233-4D88-9385-8AE41FF54DE1}
		{18A57F0C-AC03-4CD6-AB81-2EA1E29316A1} = {89A8748E-9233-4D88-9385-8AE41FF54DE1}
		{15149E33-06D5-4EBC-A99C-F3EF5D8A4C84} = {89A8748E-9233-4D88-9385-8AE41FF54DE1}
		{74C0C9D7-2F94-43BB-88FE-3CE843900AE9} = {89A8748E-9233-4D88-9385-8AE41FF54DE1}
		{F6B4E369-5314-4E77-A7C4-C135F2B51618} = {89A8748E-9233-4D88-9385-8AE41FF54DE1}
		{5338E8C9-2A41-44AE-935E-85A73939C56F} = {89A8748E-9233-4D88-9385-8AE41FF54DE1}
		{16725EDC-A326-4869-8CEF-90E912AB56E1} = {89A8748E-9233-4D88-9385-8AE41FF54DE1}
	EndGlobalSection
	GlobalSection(ExtensibilityGlobals) = postSolution
		SolutionGuid = {B3E013F2-80AC-40D4-A83C-E6A79210A7D5}
	EndGlobalSection
EndGlobal
