
Microsoft Visual Studio Solution File, Format Version 12.00
# Visual Studio Version 16
VisualStudioVersion = 16.0.29318.209
MinimumVisualStudioVersion = 10.0.40219.1
Project("{2150E333-8FDC-42A3-9474-1A3956D46DE8}") = "src", "src", "{75A6797E-4E78-43DD-9C47-DBDAA4A2C30C}"
EndProject
Project("{9A19103F-16F7-4668-BE54-9A1E7A4F7556}") = "DemoConsole", "src\DemoConsole\DemoConsole.csproj", "{86DC51F0-240C-4060-97A6-92B19AB7B754}"
EndProject
Project("{2150E333-8FDC-42A3-9474-1A3956D46DE8}") = "tests", "tests", "{6CC50C27-9FD3-4A66-ABA9-4C7AFC3F36CD}"
EndProject
Project("{9A19103F-16F7-4668-BE54-9A1E7A4F7556}") = "Demo.Pubs.Core", "src\Demo.Core\Demo.Pubs.Core.csproj", "{4FA60D17-03AF-494B-84F5-A15ECC297E58}"
EndProject
Project("{FAE04EC0-301F-11D3-BF4B-00C04F79EFBC}") = "Demo.Pubs.Infrastructure", "src\Demo.Pubs.Infrastructure\Demo.Pubs.Infrastructure.csproj", "{69F6419B-3F2B-4A6E-8FA8-A316FFA8D666}"
EndProject
Project("{FAE04EC0-301F-11D3-BF4B-00C04F79EFBC}") = "Demo.Pubs.API", "src\Demo.Pubs.API\Demo.Pubs.API.csproj", "{D2C4491F-4665-4ABE-A8C3-BCD3DF6209D5}"
EndProject
Global
	GlobalSection(SolutionConfigurationPlatforms) = preSolution
		Debug|Any CPU = Debug|Any CPU
		Release|Any CPU = Release|Any CPU
	EndGlobalSection
	GlobalSection(ProjectConfigurationPlatforms) = postSolution
		{86DC51F0-240C-4060-97A6-92B19AB7B754}.Debug|Any CPU.ActiveCfg = Debug|Any CPU
		{86DC51F0-240C-4060-97A6-92B19AB7B754}.Debug|Any CPU.Build.0 = Debug|Any CPU
		{86DC51F0-240C-4060-97A6-92B19AB7B754}.Release|Any CPU.ActiveCfg = Release|Any CPU
		{86DC51F0-240C-4060-97A6-92B19AB7B754}.Release|Any CPU.Build.0 = Release|Any CPU
		{4FA60D17-03AF-494B-84F5-A15ECC297E58}.Debug|Any CPU.ActiveCfg = Debug|Any CPU
		{4FA60D17-03AF-494B-84F5-A15ECC297E58}.Debug|Any CPU.Build.0 = Debug|Any CPU
		{4FA60D17-03AF-494B-84F5-A15ECC297E58}.Release|Any CPU.ActiveCfg = Release|Any CPU
		{4FA60D17-03AF-494B-84F5-A15ECC297E58}.Release|Any CPU.Build.0 = Release|Any CPU
		{69F6419B-3F2B-4A6E-8FA8-A316FFA8D666}.Debug|Any CPU.ActiveCfg = Debug|Any CPU
		{69F6419B-3F2B-4A6E-8FA8-A316FFA8D666}.Debug|Any CPU.Build.0 = Debug|Any CPU
		{69F6419B-3F2B-4A6E-8FA8-A316FFA8D666}.Release|Any CPU.ActiveCfg = Release|Any CPU
		{69F6419B-3F2B-4A6E-8FA8-A316FFA8D666}.Release|Any CPU.Build.0 = Release|Any CPU
		{D2C4491F-4665-4ABE-A8C3-BCD3DF6209D5}.Debug|Any CPU.ActiveCfg = Debug|Any CPU
		{D2C4491F-4665-4ABE-A8C3-BCD3DF6209D5}.Debug|Any CPU.Build.0 = Debug|Any CPU
		{D2C4491F-4665-4ABE-A8C3-BCD3DF6209D5}.Release|Any CPU.ActiveCfg = Release|Any CPU
		{D2C4491F-4665-4ABE-A8C3-BCD3DF6209D5}.Release|Any CPU.Build.0 = Release|Any CPU
	EndGlobalSection
	GlobalSection(SolutionProperties) = preSolution
		HideSolutionNode = FALSE
	EndGlobalSection
	GlobalSection(NestedProjects) = preSolution
		{86DC51F0-240C-4060-97A6-92B19AB7B754} = {75A6797E-4E78-43DD-9C47-DBDAA4A2C30C}
		{4FA60D17-03AF-494B-84F5-A15ECC297E58} = {75A6797E-4E78-43DD-9C47-DBDAA4A2C30C}
		{69F6419B-3F2B-4A6E-8FA8-A316FFA8D666} = {75A6797E-4E78-43DD-9C47-DBDAA4A2C30C}
		{D2C4491F-4665-4ABE-A8C3-BCD3DF6209D5} = {75A6797E-4E78-43DD-9C47-DBDAA4A2C30C}
	EndGlobalSection
	GlobalSection(ExtensibilityGlobals) = postSolution
		SolutionGuid = {B3E013F2-80AC-40D4-A83C-E6A79210A7D5}
	EndGlobalSection
EndGlobal
